<?xml version="1.0" encoding="utf-8"?>
<Project ToolsVersion="4.0" xmlns="http://schemas.microsoft.com/developer/msbuild/2003">
  <ItemGroup>
    <Filter Include="Source Files">
      <UniqueIdentifier>{4FC737F1-C7A5-4376-A066-2A32D752A2FF}</UniqueIdentifier>
      <Extensions>cpp;c;cc;cxx;def;odl;idl;hpj;bat;asm;asmx</Extensions>
    </Filter>
    <Filter Include="Header Files">
      <UniqueIdentifier>{93995380-89BD-4b04-88EB-625FBE52EBFB}</UniqueIdentifier>
      <Extensions>h;hh;hpp;hxx;hm;inl;inc;xsd</Extensions>
    </Filter>
    <Filter Include="Resource Files">
      <UniqueIdentifier>{67DA6AB6-F800-4c08-8B7A-83BB121AAD01}</UniqueIdentifier>
      <Extensions>qrc;rc;ico;cur;bmp;dlg;rc2;rct;bin;rgs;gif;jpg;jpeg;jpe;resx;tiff;tif;png;wav;mfcribbon-ms</Extensions>
    </Filter>
    <Filter Include="Form Files">
      <UniqueIdentifier>{99349809-55BA-4b9d-BF79-8FDBB0286EB3}</UniqueIdentifier>
      <Extensions>ui</Extensions>
    </Filter>
    <Filter Include="Translation Files">
      <UniqueIdentifier>{639EADAA-A684-42e4-A9AD-28FC9BCB8F7C}</UniqueIdentifier>
      <Extensions>ts</Extensions>
    </Filter>
  </ItemGroup>
  <ItemGroup>
    <ClInclude Include="src\memory\registry\AllRegistries.h">
      <Filter>Header Files</Filter>
    </ClInclude>
    <ClInclude Include="src\memory\registry\Registry.h">
      <Filter>Header Files</Filter>
    </ClInclude>
    <ClInclude Include="src\memory\registry\RegistryEntry.h">
      <Filter>Header Files</Filter>
    </ClInclude>
    <ClInclude Include="src\memory\PacketBuffer.h">
      <Filter>Header Files</Filter>
    </ClInclude>
    <ClInclude Include="src\memory\SerializableObject.h">
      <Filter>Header Files</Filter>
    </ClInclude>
    <ClInclude Include="src\graphic\View.h">
      <Filter>Header Files</Filter>
    </ClInclude>
    <ClInclude Include="src\graphic\AnimationFrame.h">
      <Filter>Header Files</Filter>
    </ClInclude>
    <ClInclude Include="src\graphic\SpritePrototype.h">
      <Filter>Header Files</Filter>
    </ClInclude>
    <ClInclude Include="src\graphic\AnimationPrototype.h">
      <Filter>Header Files</Filter>
    </ClInclude>
    <ClInclude Include="src\util\Prototype.h">
      <Filter>Header Files</Filter>
    </ClInclude>
    <ClInclude Include="src\util\ItemWithPrototype.h">
      <Filter>Header Files</Filter>
    </ClInclude>
    <ClInclude Include="src\graphic\Sprite.h">
      <Filter>Header Files</Filter>
    </ClInclude>
    <ClInclude Include="src\graphic\Scene.h">
      <Filter>Header Files</Filter>
    </ClInclude>
    <ClInclude Include="src\unit\UnitDefination.h">
      <Filter>Header Files</Filter>
    </ClInclude>
    <ClInclude Include="src\unit\ServerUnit.h">
      <Filter>Header Files</Filter>
    </ClInclude>
    <ClInclude Include="src\unit\SyncUnit.h">
      <Filter>Header Files</Filter>
    </ClInclude>
    <ClInclude Include="src\map\TileDefination.h">
      <Filter>Header Files</Filter>
    </ClInclude>
    <ClInclude Include="src\map\ServerTile.h">
      <Filter>Header Files</Filter>
    </ClInclude>
    <ClInclude Include="src\map\SyncTile.h">
      <Filter>Header Files</Filter>
    </ClInclude>
    <ClInclude Include="src\map\MapDefination.h">
      <Filter>Header Files</Filter>
    </ClInclude>
    <ClInclude Include="src\map\ServerMap.h">
      <Filter>Header Files</Filter>
    </ClInclude>
    <ClInclude Include="src\map\SyncMap.h">
      <Filter>Header Files</Filter>
    </ClInclude>
    <ClInclude Include="src\unit\Skill.h">
      <Filter>Header Files</Filter>
    </ClInclude>
    <ClInclude Include="src\unit\ServerUnitPrototype.h">
      <Filter>Header Files</Filter>
    </ClInclude>
    <ClInclude Include="src\unit\SyncUnitPrototype.h">
      <Filter>Header Files</Filter>
    </ClInclude>
    <ClInclude Include="src\map\ServerMapPrototype.h">
      <Filter>Header Files</Filter>
    </ClInclude>
    <ClInclude Include="src\map\SyncMapPrototype.h">
      <Filter>Header Files</Filter>
    </ClInclude>
    <ClInclude Include="src\map\ServerTilePrototype.h">
      <Filter>Header Files</Filter>
    </ClInclude>
    <ClInclude Include="src\map\SyncTilePrototype.h">
      <Filter>Header Files</Filter>
    </ClInclude>
    <ClInclude Include="src\network\Side.h">
      <Filter>Header Files</Filter>
    </ClInclude>
    <ClInclude Include="src\network\SyncObjectProrotype.h">
      <Filter>Header Files</Filter>
    </ClInclude>
  </ItemGroup>
  <ItemGroup>
    <ClCompile Include="src\memory\registry\AllRegistries.cpp">
      <Filter>Source Files</Filter>
    </ClCompile>
    <ClCompile Include="src\memory\PacketBuffer.cpp">
      <Filter>Source Files</Filter>
    </ClCompile>
    <ClCompile Include="src\main.cpp">
      <Filter>Source Files</Filter>
    </ClCompile>
    <ClCompile Include="src\MainWidget.cpp">
      <Filter>Source Files</Filter>
    </ClCompile>
    <ClCompile Include="src\graphic\SpritePrototype.cpp">
      <Filter>Source Files</Filter>
    </ClCompile>
    <ClCompile Include="src\graphic\Animation.cpp">
      <Filter>Source Files</Filter>
    </ClCompile>
    <ClCompile Include="src\graphic\AnimationPrototype.cpp">
      <Filter>Source Files</Filter>
    </ClCompile>
    <ClCompile Include="src\graphic\Sprite.cpp">
      <Filter>Source Files</Filter>
    </ClCompile>
    <ClCompile Include="src\graphic\MoveAnimation.cpp">
      <Filter>Source Files</Filter>
    </ClCompile>
    <ClCompile Include="src\graphic\Scene.cpp">
      <Filter>Source Files</Filter>
    </ClCompile>
    <ClCompile Include="src\graphic\View.cpp">
      <Filter>Source Files</Filter>
    </ClCompile>
    <ClCompile Include="src\unit\UnitDefination.cpp">
      <Filter>Source Files</Filter>
    </ClCompile>
    <ClCompile Include="src\network\NetworkHandler.cpp">
      <Filter>Source Files</Filter>
    </ClCompile>
    <ClCompile Include="src\network\SyncObjectProrotype.cpp">
      <Filter>Source Files</Filter>
    </ClCompile>
  </ItemGroup>
  <ItemGroup>
    <QtMoc Include="src\network\SyncObject.h">
      <Filter>Header Files</Filter>
    </QtMoc>
    <QtMoc Include="src\MainWidget.h">
      <Filter>Header Files</Filter>
    </QtMoc>
    <QtMoc Include="src\graphic\Animation.h">
      <Filter>Header Files</Filter>
    </QtMoc>
    <QtMoc Include="src\graphic\MoveAnimation.h">
      <Filter>Header Files</Filter>
    </QtMoc>
    <QtMoc Include="src\network\NetworkHandler.h">
      <Filter>Header Files</Filter>
    </QtMoc>
  </ItemGroup>
  <ItemGroup>
    <None Include="Doxyfile" />
    <None Include="src\README.md" />
  </ItemGroup>
  <ItemGroup>
    <QtUic Include="src\MainWidget.ui">
      <Filter>Form Files</Filter>
    </QtUic>
  </ItemGroup>
  <ItemGroup>
    <QtRcc Include="src\MainWidget.qrc">
      <Filter>Resource Files</Filter>
    </QtRcc>
  </ItemGroup>
</Project>